
Microsoft Visual Studio Solution File, Format Version 12.00
# Visual Studio Version 17
VisualStudioVersion = 17.1.32228.430
MinimumVisualStudioVersion = 10.0.40219.1
Project("{FAE04EC0-301F-11D3-BF4B-00C04F79EFBC}") = "DFOChatOAuth", "DFOChatOAuth.csproj", "{D7AC38E2-9A8C-4F53-A4D0-6C9FD6FA38D1}"
EndProject
Global
	GlobalSection(SolutionConfigurationPlatforms) = preSolution
		Debug|Any CPU = Debug|Any CPU
		Release|Any CPU = Release|Any CPU
	EndGlobalSection
	GlobalSection(ProjectConfigurationPlatforms) = postSolution
		{D7AC38E2-9A8C-4F53-A4D0-6C9FD6FA38D1}.Debug|Any CPU.ActiveCfg = Debug|Any CPU
		{D7AC38E2-9A8C-4F53-A4D0-6C9FD6FA38D1}.Debug|Any CPU.Build.0 = Debug|Any CPU
		{D7AC38E2-9A8C-4F53-A4D0-6C9FD6FA38D1}.Release|Any CPU.ActiveCfg = Release|Any CPU
		{D7AC38E2-9A8C-4F53-A4D0-6C9FD6FA38D1}.Release|Any CPU.Build.0 = Release|Any CPU
	EndGlobalSection
	GlobalSection(SolutionProperties) = preSolution
		HideSolutionNode = FALSE
	EndGlobalSection
	GlobalSection(ExtensibilityGlobals) = postSolution
		SolutionGuid = {D646230B-9E5D-43B7-8BD3-4B14EF5D4324}
	EndGlobalSection
EndGlobal
